
Microsoft Visual Studio Solution File, Format Version 12.00
# Visual Studio Version 16
VisualStudioVersion = 16.0.30406.217
MinimumVisualStudioVersion = 10.0.40219.1
Project("{FAE04EC0-301F-11D3-BF4B-00C04F79EFBC}") = "Task1POE", "Task1POE\Task1POE.csproj", "{B6256906-7D9B-451B-BFB9-4CF1CE11BC09}"
EndProject
Global
	GlobalSection(SolutionConfigurationPlatforms) = preSolution
		Debug|Any CPU = Debug|Any CPU
		Release|Any CPU = Release|Any CPU
	EndGlobalSection
	GlobalSection(ProjectConfigurationPlatforms) = postSolution
		{B6256906-7D9B-451B-BFB9-4CF1CE11BC09}.Debug|Any CPU.ActiveCfg = Debug|Any CPU
		{B6256906-7D9B-451B-BFB9-4CF1CE11BC09}.Debug|Any CPU.Build.0 = Debug|Any CPU
		{B6256906-7D9B-451B-BFB9-4CF1CE11BC09}.Release|Any CPU.ActiveCfg = Release|Any CPU
		{B6256906-7D9B-451B-BFB9-4CF1CE11BC09}.Release|Any CPU.Build.0 = Release|Any CPU
	EndGlobalSection
	GlobalSection(SolutionProperties) = preSolution
		HideSolutionNode = FALSE
	EndGlobalSection
	GlobalSection(ExtensibilityGlobals) = postSolution
		SolutionGuid = {210D8DE9-1D4D-4764-95FD-44F66EA5D78F}
	EndGlobalSection
EndGlobal
